<?xml version="1.0" encoding="utf-8"?>
<Project ToolsVersion="4.0" xmlns="http://schemas.microsoft.com/developer/msbuild/2003">
  <ItemGroup>
    <Filter Include="Source Files">
      <UniqueIdentifier>{4FC737F1-C7A5-4376-A066-2A32D752A2FF}</UniqueIdentifier>
      <Extensions>cpp;c;cc;cxx;c++;cppm;ixx;def;odl;idl;hpj;bat;asm;asmx</Extensions>
    </Filter>
    <Filter Include="Header Files">
      <UniqueIdentifier>{93995380-89BD-4b04-88EB-625FBE52EBFB}</UniqueIdentifier>
      <Extensions>h;hh;hpp;hxx;h++;hm;inl;inc;ipp;xsd</Extensions>
    </Filter>
    <Filter Include="Resource Files">
      <UniqueIdentifier>{67DA6AB6-F800-4c08-8B7A-83BB121AAD01}</UniqueIdentifier>
      <Extensions>rc;ico;cur;bmp;dlg;rc2;rct;bin;rgs;gif;jpg;jpeg;jpe;resx;tiff;tif;png;wav;mfcribbon-ms</Extensions>
    </Filter>
    <Filter Include="Document Files">
      <UniqueIdentifier>{bc910eed-0252-43ce-be08-ac7e18f7f282}</UniqueIdentifier>
    </Filter>
    <Filter Include="Configuration Files">
      <UniqueIdentifier>{9f94010a-d33a-4c52-bfef-e4701664309f}</UniqueIdentifier>
    </Filter>
    <Filter Include="Resource Files\Font Files">
      <UniqueIdentifier>{afc5211e-7e83-441a-a3a9-3ff546fe8f93}</UniqueIdentifier>
    </Filter>
    <Filter Include="Resource Files\Texture Files">
      <UniqueIdentifier>{bd5ed9b4-3f21-461d-813f-46e4bc6b4bd2}</UniqueIdentifier>
    </Filter>
    <Filter Include="Source Files\Game State Files">
      <UniqueIdentifier>{27660bcb-4fb4-4047-89e0-8e0e49c57cd5}</UniqueIdentifier>
    </Filter>
    <Filter Include="Header Files\Game State Files">
      <UniqueIdentifier>{5d4b4b89-4de9-4e1b-a78a-3b9b047f5321}</UniqueIdentifier>
    </Filter>
    <Filter Include="Resource Files\Audio Files">
      <UniqueIdentifier>{44c7ee05-df04-4a7b-9810-fd3ad831df27}</UniqueIdentifier>
    </Filter>
    <Filter Include="JSON Files">
      <UniqueIdentifier>{96d885fd-bba2-4d1c-804d-11c832576b0f}</UniqueIdentifier>
    </Filter>
    <Filter Include="JSON Files\UI Files">
      <UniqueIdentifier>{a8322266-b3cc-4108-827b-04c6abb7fcd0}</UniqueIdentifier>
    </Filter>
    <Filter Include="JSON Files\FileConfig Files">
      <UniqueIdentifier>{611453d6-a990-43d6-b2e5-df464dc0248a}</UniqueIdentifier>
    </Filter>
  </ItemGroup>
  <ItemGroup>
    <ClCompile Include="Source\Main.cpp">
      <Filter>Source Files</Filter>
    </ClCompile>
    <ClCompile Include="Source\FluidSystem.cpp">
      <Filter>Source Files</Filter>
    </ClCompile>
    <ClCompile Include="Source\Utils.cpp">
      <Filter>Source Files</Filter>
    </ClCompile>
    <ClCompile Include="Source\Terrain.cpp">
      <Filter>Source Files</Filter>
    </ClCompile>
    <ClCompile Include="Source\StartEndPoint.cpp">
      <Filter>Source Files</Filter>
    </ClCompile>
    <ClCompile Include="Source\PortalSystem.cpp">
      <Filter>Source Files</Filter>
    </ClCompile>
    <ClCompile Include="Source\CollisionSystem.cpp">
      <Filter>Source Files</Filter>
    </ClCompile>
    <ClCompile Include="Source\VFXSystem.cpp">
      <Filter>Source Files</Filter>
    </ClCompile>
    <ClCompile Include="Source\Button.cpp">
      <Filter>Source Files</Filter>
    </ClCompile>
    <ClCompile Include="Source\Pause.cpp">
      <Filter>Source Files</Filter>
    </ClCompile>
    <ClCompile Include="Source\ConfigManager.cpp">
      <Filter>Source Files</Filter>
    </ClCompile>
    <ClCompile Include="Source\Collectible.cpp">
      <Filter>Source Files</Filter>
    </ClCompile>
    <ClCompile Include="Source\AudioSystem.cpp">
      <Filter>Source Files</Filter>
    </ClCompile>
    <ClCompile Include="Source\Animations.cpp">
      <Filter>Source Files</Filter>
    </ClCompile>
    <ClCompile Include="Source\Moss.cpp">
      <Filter>Source Files</Filter>
    </ClCompile>
    <ClCompile Include="Source\WinScreen.cpp">
      <Filter>Source Files</Filter>
    </ClCompile>
    <ClCompile Include="Source\DebugSystem.cpp">
      <Filter>Source Files</Filter>
    </ClCompile>
    <ClCompile Include="Source\MenuBackground.cpp">
      <Filter>Source Files</Filter>
    </ClCompile>
    <ClCompile Include="Source\Confirmation.cpp">
      <Filter>Source Files</Filter>
    </ClCompile>
    <ClCompile Include="Source\LevelManager.cpp">
      <Filter>Source Files</Filter>
    </ClCompile>
    <ClCompile Include="Source\States\Controls.cpp">
      <Filter>Source Files\Game State Files</Filter>
    </ClCompile>
    <ClCompile Include="Source\States\Credits.cpp">
      <Filter>Source Files\Game State Files</Filter>
    </ClCompile>
    <ClCompile Include="Source\States\Level.cpp">
      <Filter>Source Files\Game State Files</Filter>
    </ClCompile>
    <ClCompile Include="Source\States\LevelSelector.cpp">
      <Filter>Source Files\Game State Files</Filter>
    </ClCompile>
    <ClCompile Include="Source\States\LogoScreen.cpp">
      <Filter>Source Files\Game State Files</Filter>
    </ClCompile>
    <ClCompile Include="Source\States\MainMenu.cpp">
      <Filter>Source Files\Game State Files</Filter>
    </ClCompile>
    <ClCompile Include="Source\States\PlayerLevel.cpp">
      <Filter>Source Files\Game State Files</Filter>
    </ClCompile>
    <ClCompile Include="Source\States\Settings.cpp">
      <Filter>Source Files\Game State Files</Filter>
    </ClCompile>
  </ItemGroup>
  <ItemGroup>
    <None Include="Docs\Standards.md">
      <Filter>Document Files</Filter>
    </None>
    <None Include=".clang-format">
      <Filter>Configuration Files</Filter>
    </None>
    <None Include="..\Assets\Audio\button_hover2.ogg">
      <Filter>Resource Files\Audio Files</Filter>
    </None>
    <None Include="..\Assets\GameData\FileConfigs\background.json">
      <Filter>JSON Files\FileConfig Files</Filter>
    </None>
    <None Include="..\Assets\GameData\FileConfigs\Collectible.json">
      <Filter>JSON Files\FileConfig Files</Filter>
    </None>
    <None Include="..\Assets\GameData\FileConfigs\FluidSystem.json">
      <Filter>JSON Files\FileConfig Files</Filter>
    </None>
    <None Include="..\Assets\GameData\FileConfigs\LevelManager.json">
      <Filter>JSON Files\FileConfig Files</Filter>
    </None>
    <None Include="..\Assets\GameData\FileConfigs\LevelSelector.json">
      <Filter>JSON Files\FileConfig Files</Filter>
    </None>
    <None Include="..\Assets\GameData\FileConfigs\PlayerLevel.json">
      <Filter>JSON Files\FileConfig Files</Filter>
    </None>
    <None Include="..\Assets\GameData\FileConfigs\PortalSystem.json">
      <Filter>JSON Files\FileConfig Files</Filter>
    </None>
    <None Include="..\Assets\GameData\FileConfigs\VFXSystem.json">
      <Filter>JSON Files\FileConfig Files</Filter>
    </None>
    <None Include="..\Assets\GameData\UI\button_config.json">
      <Filter>JSON Files\UI Files</Filter>
    </None>
    <None Include="..\Assets\GameData\UI\confirmation_system.json">
      <Filter>JSON Files\UI Files</Filter>
    </None>
    <None Include="..\Assets\GameData\UI\credits.json">
      <Filter>JSON Files\UI Files</Filter>
    </None>
    <None Include="..\Assets\GameData\UI\credits_buttons.json">
      <Filter>JSON Files\UI Files</Filter>
    </None>
    <None Include="..\Assets\GameData\UI\debug_system.json">
      <Filter>JSON Files\UI Files</Filter>
    </None>
    <None Include="..\Assets\GameData\UI\debug_system_buttons.json">
      <Filter>JSON Files\UI Files</Filter>
    </None>
    <None Include="..\Assets\GameData\UI\how_to_play.json">
      <Filter>JSON Files\UI Files</Filter>
    </None>
    <None Include="..\Assets\GameData\UI\how_to_play_buttons.json">
      <Filter>JSON Files\UI Files</Filter>
    </None>
    <None Include="..\Assets\GameData\UI\level_buttons.json">
      <Filter>JSON Files\UI Files</Filter>
    </None>
    <None Include="..\Assets\GameData\UI\level_manager_buttons.json">
      <Filter>JSON Files\UI Files</Filter>
    </None>
    <None Include="..\Assets\GameData\UI\level_selector_buttons.json">
      <Filter>JSON Files\UI Files</Filter>
    </None>
    <None Include="..\Assets\GameData\UI\level_selector_texts.json">
      <Filter>JSON Files\UI Files</Filter>
    </None>
    <None Include="..\Assets\GameData\UI\main_menu_buttons.json">
      <Filter>JSON Files\UI Files</Filter>
    </None>
    <None Include="..\Assets\GameData\UI\main_menu_texts.json">
      <Filter>JSON Files\UI Files</Filter>
    </None>
    <None Include="..\Assets\GameData\UI\pause_system.json">
      <Filter>JSON Files\UI Files</Filter>
    </None>
    <None Include="..\Assets\GameData\UI\player_level_buttons.json">
      <Filter>JSON Files\UI Files</Filter>
    </None>
    <None Include="..\Assets\GameData\UI\player_level_texts.json">
      <Filter>JSON Files\UI Files</Filter>
    </None>
    <None Include="..\Assets\GameData\UI\settings_buttons.json">
      <Filter>JSON Files\UI Files</Filter>
    </None>
    <None Include="..\Assets\GameData\UI\settings_text.json">
      <Filter>JSON Files\UI Files</Filter>
    </None>
    <None Include="..\Assets\GameData\UI\win_screen_buttons.json">
      <Filter>JSON Files\UI Files</Filter>
    </None>
    <None Include="..\Assets\GameData\UI\win_screen_text.json">
      <Filter>JSON Files\UI Files</Filter>
    </None>
    <None Include="..\Assets\GameData\FileConfigs\Level.json">
      <Filter>JSON Files\FileConfig Files</Filter>
    </None>
  </ItemGroup>
  <ItemGroup>
    <ClInclude Include="Include\GameStateManager.h">
      <Filter>Header Files</Filter>
    </ClInclude>
    <ClInclude Include="Include\Components.h">
      <Filter>Header Files</Filter>
    </ClInclude>
    <ClInclude Include="Include\FluidSystem.h">
      <Filter>Header Files</Filter>
    </ClInclude>
    <ClInclude Include="Include\Utils.h">
      <Filter>Header Files</Filter>
    </ClInclude>
    <ClInclude Include="Include\Terrain.h">
      <Filter>Header Files</Filter>
    </ClInclude>
    <ClInclude Include="Include\StartEndPoint.h">
      <Filter>Header Files</Filter>
    </ClInclude>
    <ClInclude Include="Include\PortalSystem.h">
      <Filter>Header Files</Filter>
    </ClInclude>
    <ClInclude Include="Include\CollisionSystem.h">
      <Filter>Header Files</Filter>
    </ClInclude>
    <ClInclude Include="Include\VFXSystem.h">
      <Filter>Header Files</Filter>
    </ClInclude>
    <ClInclude Include="Include\Button.h">
      <Filter>Header Files</Filter>
    </ClInclude>
    <ClInclude Include="Include\Pause.h">
      <Filter>Header Files</Filter>
    </ClInclude>
    <ClInclude Include="Include\ConfigManager.h">
      <Filter>Header Files</Filter>
    </ClInclude>
    <ClInclude Include="Include\Collectible.h">
      <Filter>Header Files</Filter>
    </ClInclude>
    <ClInclude Include="Include\AudioSystem.h">
      <Filter>Header Files</Filter>
    </ClInclude>
    <ClInclude Include="Include\Animations.h">
      <Filter>Header Files</Filter>
    </ClInclude>
    <ClInclude Include="Include\Moss.h">
      <Filter>Header Files</Filter>
    </ClInclude>
    <ClInclude Include="Include\WinScreen.h">
      <Filter>Header Files</Filter>
    </ClInclude>
    <ClInclude Include="Include\DebugSystem.h">
      <Filter>Header Files</Filter>
    </ClInclude>
    <ClInclude Include="Include\MenuBackground.h">
      <Filter>Header Files</Filter>
    </ClInclude>
    <ClInclude Include="Include\Confirmation.h">
      <Filter>Header Files</Filter>
    </ClInclude>
    <ClInclude Include="Include\LevelManager.h">
      <Filter>Header Files</Filter>
    </ClInclude>
    <ClInclude Include="Include\States\Controls.h">
      <Filter>Header Files\Game State Files</Filter>
    </ClInclude>
    <ClInclude Include="Include\States\Credits.h">
      <Filter>Header Files\Game State Files</Filter>
    </ClInclude>
    <ClInclude Include="Include\States\Level.h">
      <Filter>Header Files\Game State Files</Filter>
    </ClInclude>
    <ClInclude Include="Include\States\LevelSelector.h">
      <Filter>Header Files\Game State Files</Filter>
    </ClInclude>
    <ClInclude Include="Include\States\LogoScreen.h">
      <Filter>Header Files\Game State Files</Filter>
    </ClInclude>
    <ClInclude Include="Include\States\MainMenu.h">
      <Filter>Header Files\Game State Files</Filter>
    </ClInclude>
    <ClInclude Include="Include\States\PlayerLevel.h">
      <Filter>Header Files\Game State Files</Filter>
    </ClInclude>
    <ClInclude Include="Include\States\Settings.h">
      <Filter>Header Files\Game State Files</Filter>
    </ClInclude>
    <ClInclude Include="Include\MeshUtils.h">
      <Filter>Header Files</Filter>
    </ClInclude>
    <ClInclude Include="Include\MouseUtils.h">
      <Filter>Header Files</Filter>
    </ClInclude>
    <ClInclude Include="Include\TileBackground.h">
      <Filter>Header Files</Filter>
    </ClInclude>
  </ItemGroup>
  <ItemGroup>
    <Font Include="..\Assets\Fonts\PressStart2P-Regular.ttf">
      <Filter>Resource Files\Font Files</Filter>
    </Font>
  </ItemGroup>
  <ItemGroup>
    <Image Include="..\Assets\Textures\terrain_dirt.png">
      <Filter>Resource Files\Texture Files</Filter>
    </Image>
    <Image Include="..\Assets\Textures\terrain_stone.png">
      <Filter>Resource Files\Texture Files</Filter>
    </Image>
    <Image Include="..\Assets\Textures\blue_bricks.png">
      <Filter>Resource Files\Texture Files</Filter>
    </Image>
    <Image Include="..\Assets\Textures\brown_rectangle_40_24.png">
      <Filter>Resource Files\Texture Files</Filter>
    </Image>
    <Image Include="..\Assets\Textures\brown_rectangle_80_24.png">
      <Filter>Resource Files\Texture Files</Filter>
    </Image>
    <Image Include="..\Assets\Textures\brown_square_24_24.png">
      <Filter>Resource Files\Texture Files</Filter>
    </Image>
    <Image Include="..\Assets\Textures\brown_square_50_50.png">
      <Filter>Resource Files\Texture Files</Filter>
    </Image>
    <Image Include="..\Assets\Textures\brown_square_80_80.png">
      <Filter>Resource Files\Texture Files</Filter>
    </Image>
    <Image Include="..\Assets\Textures\Dirt02.png">
      <Filter>Resource Files\Texture Files</Filter>
    </Image>
    <Image Include="..\Assets\Textures\hud_goal_icon.png">
      <Filter>Resource Files\Texture Files</Filter>
    </Image>
    <Image Include="..\Assets\Textures\hud_water_icon.png">
      <Filter>Resource Files\Texture Files</Filter>
    </Image>
    <Image Include="..\Assets\Textures\makeshift_portal.png">
      <Filter>Resource Files\Texture Files</Filter>
    </Image>
    <Image Include="..\Assets\Textures\moss_sprite_sheet.png">
      <Filter>Resource Files\Texture Files</Filter>
    </Image>
    <Image Include="..\Assets\Textures\overgrown_pipe_end.png">
      <Filter>Resource Files\Texture Files</Filter>
    </Image>
    <Image Include="..\Assets\Textures\pink_flower_end.png">
      <Filter>Resource Files\Texture Files</Filter>
    </Image>
    <Image Include="..\Assets\Textures\pink_flower_sprite_sheet.png">
      <Filter>Resource Files\Texture Files</Filter>
    </Image>
    <Image Include="..\Assets\Textures\portal_arrow.png">
      <Filter>Resource Files\Texture Files</Filter>
    </Image>
    <Image Include="..\Assets\Textures\preview_moss.png">
      <Filter>Resource Files\Texture Files</Filter>
    </Image>
    <Image Include="..\Assets\Textures\preview_water.png">
      <Filter>Resource Files\Texture Files</Filter>
    </Image>
    <Image Include="..\Assets\Textures\terrain_magic.png">
      <Filter>Resource Files\Texture Files</Filter>
    </Image>
    <Image Include="..\Assets\Textures\white_square.png">
      <Filter>Resource Files\Texture Files</Filter>
    </Image>
    <Image Include="..\Assets\Textures\wormhole.png">
      <Filter>Resource Files\Texture Files</Filter>
    </Image>
  </ItemGroup>
  <ItemGroup>
    <Media Include="..\Assets\Audio\A SINGLE ROSE - EasyListeningDow MSCLES1_17.mp3">
      <Filter>Resource Files\Audio Files</Filter>
    </Media>
    <Media Include="..\Assets\Audio\BELL-DESK_GEN-HDF-03247.mp3">
      <Filter>Resource Files\Audio Files</Filter>
    </Media>
    <Media Include="..\Assets\Audio\click.mp3">
      <Filter>Resource Files\Audio Files</Filter>
    </Media>
    <Media Include="..\Assets\Audio\ding.mp3">
      <Filter>Resource Files\Audio Files</Filter>
    </Media>
    <Media Include="..\Assets\Audio\dirt_break.mp3">
      <Filter>Resource Files\Audio Files</Filter>
    </Media>
    <Media Include="..\Assets\Audio\DripWater CTE01_55.4.mp3">
      <Filter>Resource Files\Audio Files</Filter>
    </Media>
    <Media Include="..\Assets\Audio\faucet_squeak.mp3">
      <Filter>Resource Files\Audio Files</Filter>
    </Media>
    <Media Include="..\Assets\Audio\GENERATOR-SMALL_GEN-HDF-12831.mp3">
      <Filter>Resource Files\Audio Files</Filter>
    </Media>
    <Media Include="..\Assets\Audio\MagicCartoon CTE01_93.4.mp3">
      <Filter>Resource Files\Audio Files</Filter>
    </Media>
    <Media Include="..\Assets\Audio\pop.mp3">
      <Filter>Resource Files\Audio Files</Filter>
    </Media>
    <Media Include="..\Assets\Audio\WATER-STOPPER_GEN-HDF-25632.mp3">
      <Filter>Resource Files\Audio Files</Filter>
    </Media>
    <Media Include="..\Assets\Audio\wormhole_place.mp3">
      <Filter>Resource Files\Audio Files</Filter>
    </Media>
  </ItemGroup>
</Project>